
Microsoft Visual Studio Solution File, Format Version 12.00
# Visual Studio Version 17
VisualStudioVersion = 17.4.33213.308
MinimumVisualStudioVersion = 10.0.40219.1
Project("{FAE04EC0-301F-11D3-BF4B-00C04F79EFBC}") = "Todo-Automation", "Todo-Automation\Todo-Automation.csproj", "{589111FD-AC51-40F5-8412-D362C97A6E70}"
EndProject
Project("{2150E333-8FDC-42A3-9474-1A3956D46DE8}") = "3. Test", "3. Test", "{EC6615BB-B171-4EDF-8F9B-6F228179B4E5}"
EndProject
Project("{2150E333-8FDC-42A3-9474-1A3956D46DE8}") = "1. Core", "1. Core", "{D88CB7F6-8DFD-4601-BA50-E5977F9EEF55}"
EndProject
Project("{2150E333-8FDC-42A3-9474-1A3956D46DE8}") = "2. Pages", "2. Pages", "{AC83042D-B8D4-4D78-9752-843250605B6C}"
EndProject
Global
	GlobalSection(SolutionConfigurationPlatforms) = preSolution
		Debug|Any CPU = Debug|Any CPU
		Release|Any CPU = Release|Any CPU
	EndGlobalSection
	GlobalSection(ProjectConfigurationPlatforms) = postSolution
		{589111FD-AC51-40F5-8412-D362C97A6E70}.Debug|Any CPU.ActiveCfg = Debug|Any CPU
		{589111FD-AC51-40F5-8412-D362C97A6E70}.Debug|Any CPU.Build.0 = Debug|Any CPU
		{589111FD-AC51-40F5-8412-D362C97A6E70}.Release|Any CPU.ActiveCfg = Release|Any CPU
		{589111FD-AC51-40F5-8412-D362C97A6E70}.Release|Any CPU.Build.0 = Release|Any CPU
	EndGlobalSection
	GlobalSection(SolutionProperties) = preSolution
		HideSolutionNode = FALSE
	EndGlobalSection
	GlobalSection(NestedProjects) = preSolution
		{589111FD-AC51-40F5-8412-D362C97A6E70} = {EC6615BB-B171-4EDF-8F9B-6F228179B4E5}
	EndGlobalSection
	GlobalSection(ExtensibilityGlobals) = postSolution
		SolutionGuid = {787AD704-000F-43C4-8FDB-A7E2FB6D704F}
	EndGlobalSection
EndGlobal
